
Microsoft Visual Studio Solution File, Format Version 12.00
# Visual Studio 15
Project("{8BC9CEB8-8B4A-11D0-8D11-00A0C91BC942}") = "FastNoiseSIMD", "FastNoiseSIMD\FastNoiseSIMD.vcxproj", "{BED549FF-2A96-C535-F3D0-0EB35F500A12}"
EndProject
Project("{8BC9CEB8-8B4A-11D0-8D11-00A0C91BC942}") = "GameSessionNew", "GameSessionNew\GameSessionNew.vcxproj", "{0D58F0FA-F925-E400-E2B9-5427CE26C065}"
EndProject
Project("{8BC9CEB8-8B4A-11D0-8D11-00A0C91BC942}") = "Octree", "Octree\Octree.vcxproj", "{A79667C7-9338-929D-7CF3-A5F1683419EE}"
EndProject
Project("{8BC9CEB8-8B4A-11D0-8D11-00A0C91BC942}") = "hvmath", "hvmath\hvmath.vcxproj", "{ED420C03-D9E4-36D9-C29F-4A2DAEE0BD29}"
EndProject
Project("{8BC9CEB8-8B4A-11D0-8D11-00A0C91BC942}") = "hvsdk", "hvsdk\hvsdk.vcxproj", "{C59F9B0F-31B4-C3C0-FA35-67206609C0F1}"
EndProject
Global
	GlobalSection(SolutionConfigurationPlatforms) = preSolution
		Debug|Win32 = Debug|Win32
		Release|Win32 = Release|Win32
		Retail|Win32 = Retail|Win32
	EndGlobalSection
	GlobalSection(ProjectConfigurationPlatforms) = postSolution
		{BED549FF-2A96-C535-F3D0-0EB35F500A12}.Debug|Win32.ActiveCfg = Debug|Win32
		{BED549FF-2A96-C535-F3D0-0EB35F500A12}.Debug|Win32.Build.0 = Debug|Win32
		{BED549FF-2A96-C535-F3D0-0EB35F500A12}.Release|Win32.ActiveCfg = Release|Win32
		{BED549FF-2A96-C535-F3D0-0EB35F500A12}.Release|Win32.Build.0 = Release|Win32
		{BED549FF-2A96-C535-F3D0-0EB35F500A12}.Retail|Win32.ActiveCfg = Retail|Win32
		{BED549FF-2A96-C535-F3D0-0EB35F500A12}.Retail|Win32.Build.0 = Retail|Win32
		{0D58F0FA-F925-E400-E2B9-5427CE26C065}.Debug|Win32.ActiveCfg = Debug|Win32
		{0D58F0FA-F925-E400-E2B9-5427CE26C065}.Debug|Win32.Build.0 = Debug|Win32
		{0D58F0FA-F925-E400-E2B9-5427CE26C065}.Release|Win32.ActiveCfg = Release|Win32
		{0D58F0FA-F925-E400-E2B9-5427CE26C065}.Release|Win32.Build.0 = Release|Win32
		{0D58F0FA-F925-E400-E2B9-5427CE26C065}.Retail|Win32.ActiveCfg = Retail|Win32
		{0D58F0FA-F925-E400-E2B9-5427CE26C065}.Retail|Win32.Build.0 = Retail|Win32
		{A79667C7-9338-929D-7CF3-A5F1683419EE}.Debug|Win32.ActiveCfg = Debug|Win32
		{A79667C7-9338-929D-7CF3-A5F1683419EE}.Debug|Win32.Build.0 = Debug|Win32
		{A79667C7-9338-929D-7CF3-A5F1683419EE}.Release|Win32.ActiveCfg = Release|Win32
		{A79667C7-9338-929D-7CF3-A5F1683419EE}.Release|Win32.Build.0 = Release|Win32
		{A79667C7-9338-929D-7CF3-A5F1683419EE}.Retail|Win32.ActiveCfg = Retail|Win32
		{A79667C7-9338-929D-7CF3-A5F1683419EE}.Retail|Win32.Build.0 = Retail|Win32
		{ED420C03-D9E4-36D9-C29F-4A2DAEE0BD29}.Debug|Win32.ActiveCfg = Debug|Win32
		{ED420C03-D9E4-36D9-C29F-4A2DAEE0BD29}.Debug|Win32.Build.0 = Debug|Win32
		{ED420C03-D9E4-36D9-C29F-4A2DAEE0BD29}.Release|Win32.ActiveCfg = Release|Win32
		{ED420C03-D9E4-36D9-C29F-4A2DAEE0BD29}.Release|Win32.Build.0 = Release|Win32
		{ED420C03-D9E4-36D9-C29F-4A2DAEE0BD29}.Retail|Win32.ActiveCfg = Retail|Win32
		{ED420C03-D9E4-36D9-C29F-4A2DAEE0BD29}.Retail|Win32.Build.0 = Retail|Win32
		{C59F9B0F-31B4-C3C0-FA35-67206609C0F1}.Debug|Win32.ActiveCfg = Debug|Win32
		{C59F9B0F-31B4-C3C0-FA35-67206609C0F1}.Debug|Win32.Build.0 = Debug|Win32
		{C59F9B0F-31B4-C3C0-FA35-67206609C0F1}.Release|Win32.ActiveCfg = Release|Win32
		{C59F9B0F-31B4-C3C0-FA35-67206609C0F1}.Release|Win32.Build.0 = Release|Win32
		{C59F9B0F-31B4-C3C0-FA35-67206609C0F1}.Retail|Win32.ActiveCfg = Retail|Win32
		{C59F9B0F-31B4-C3C0-FA35-67206609C0F1}.Retail|Win32.Build.0 = Retail|Win32
	EndGlobalSection
	GlobalSection(SolutionProperties) = preSolution
		HideSolutionNode = FALSE
	EndGlobalSection
EndGlobal
