
Microsoft Visual Studio Solution File, Format Version 12.00
# Visual Studio 15
VisualStudioVersion = 15.0.27703.2026
MinimumVisualStudioVersion = 10.0.40219.1
Project("{8BC9CEB8-8B4A-11D0-8D11-00A0C91BC942}") = "hvsdk", "hvsdk\hvsdk.vcxproj", "{C59F9B0F-31B4-C3C0-FA35-67206609C0F1}"
EndProject
Project("{8BC9CEB8-8B4A-11D0-8D11-00A0C91BC942}") = "GameSession", "GameSession\GameSession.vcxproj", "{97ADC588-7525-44B7-A97C-9416C237F3D3}"
EndProject
Project("{8BC9CEB8-8B4A-11D0-8D11-00A0C91BC942}") = "hvmath", "hvmath\hvmath.vcxproj", "{ED420C03-D9E4-36D9-C29F-4A2DAEE0BD29}"
EndProject
Project("{8BC9CEB8-8B4A-11D0-8D11-00A0C91BC942}") = "FastNoiseSIMD", "FastNoiseSIMD\FastNoiseSIMD.vcxproj", "{F8942F2F-2312-43FE-B147-70F42CFB7B82}"
EndProject
Project("{8BC9CEB8-8B4A-11D0-8D11-00A0C91BC942}") = "Octree", "Octree\Octree.vcxproj", "{A79667C7-9338-929D-7CF3-A5F1683419EE}"
EndProject
Global
	GlobalSection(SolutionConfigurationPlatforms) = preSolution
		Debug|x64 = Debug|x64
		Debug|x86 = Debug|x86
		MinSizeRel|x64 = MinSizeRel|x64
		MinSizeRel|x86 = MinSizeRel|x86
		Release|x64 = Release|x64
		Release|x86 = Release|x86
		RelWithDebInfo|x64 = RelWithDebInfo|x64
		RelWithDebInfo|x86 = RelWithDebInfo|x86
	EndGlobalSection
	GlobalSection(ProjectConfigurationPlatforms) = postSolution
		{C59F9B0F-31B4-C3C0-FA35-67206609C0F1}.Debug|x64.ActiveCfg = Debug|Win32
		{C59F9B0F-31B4-C3C0-FA35-67206609C0F1}.Debug|x86.ActiveCfg = Debug|Win32
		{C59F9B0F-31B4-C3C0-FA35-67206609C0F1}.Debug|x86.Build.0 = Debug|Win32
		{C59F9B0F-31B4-C3C0-FA35-67206609C0F1}.MinSizeRel|x64.ActiveCfg = Retail|Win32
		{C59F9B0F-31B4-C3C0-FA35-67206609C0F1}.MinSizeRel|x64.Build.0 = Retail|Win32
		{C59F9B0F-31B4-C3C0-FA35-67206609C0F1}.MinSizeRel|x86.ActiveCfg = Release|Win32
		{C59F9B0F-31B4-C3C0-FA35-67206609C0F1}.MinSizeRel|x86.Build.0 = Release|Win32
		{C59F9B0F-31B4-C3C0-FA35-67206609C0F1}.Release|x64.ActiveCfg = Release|Win32
		{C59F9B0F-31B4-C3C0-FA35-67206609C0F1}.Release|x86.ActiveCfg = Release|Win32
		{C59F9B0F-31B4-C3C0-FA35-67206609C0F1}.Release|x86.Build.0 = Release|Win32
		{C59F9B0F-31B4-C3C0-FA35-67206609C0F1}.RelWithDebInfo|x64.ActiveCfg = Retail|Win32
		{C59F9B0F-31B4-C3C0-FA35-67206609C0F1}.RelWithDebInfo|x64.Build.0 = Retail|Win32
		{C59F9B0F-31B4-C3C0-FA35-67206609C0F1}.RelWithDebInfo|x86.ActiveCfg = Release|Win32
		{C59F9B0F-31B4-C3C0-FA35-67206609C0F1}.RelWithDebInfo|x86.Build.0 = Release|Win32
		{97ADC588-7525-44B7-A97C-9416C237F3D3}.Debug|x64.ActiveCfg = Debug|x64
		{97ADC588-7525-44B7-A97C-9416C237F3D3}.Debug|x64.Build.0 = Debug|x64
		{97ADC588-7525-44B7-A97C-9416C237F3D3}.Debug|x86.ActiveCfg = Debug|Win32
		{97ADC588-7525-44B7-A97C-9416C237F3D3}.Debug|x86.Build.0 = Debug|Win32
		{97ADC588-7525-44B7-A97C-9416C237F3D3}.MinSizeRel|x64.ActiveCfg = Release|x64
		{97ADC588-7525-44B7-A97C-9416C237F3D3}.MinSizeRel|x64.Build.0 = Release|x64
		{97ADC588-7525-44B7-A97C-9416C237F3D3}.MinSizeRel|x86.ActiveCfg = Release|Win32
		{97ADC588-7525-44B7-A97C-9416C237F3D3}.MinSizeRel|x86.Build.0 = Release|Win32
		{97ADC588-7525-44B7-A97C-9416C237F3D3}.Release|x64.ActiveCfg = Release|x64
		{97ADC588-7525-44B7-A97C-9416C237F3D3}.Release|x64.Build.0 = Release|x64
		{97ADC588-7525-44B7-A97C-9416C237F3D3}.Release|x86.ActiveCfg = Release|Win32
		{97ADC588-7525-44B7-A97C-9416C237F3D3}.Release|x86.Build.0 = Release|Win32
		{97ADC588-7525-44B7-A97C-9416C237F3D3}.RelWithDebInfo|x64.ActiveCfg = Release|x64
		{97ADC588-7525-44B7-A97C-9416C237F3D3}.RelWithDebInfo|x64.Build.0 = Release|x64
		{97ADC588-7525-44B7-A97C-9416C237F3D3}.RelWithDebInfo|x86.ActiveCfg = Release|Win32
		{97ADC588-7525-44B7-A97C-9416C237F3D3}.RelWithDebInfo|x86.Build.0 = Release|Win32
		{ED420C03-D9E4-36D9-C29F-4A2DAEE0BD29}.Debug|x64.ActiveCfg = Debug|Win32
		{ED420C03-D9E4-36D9-C29F-4A2DAEE0BD29}.Debug|x86.ActiveCfg = Debug|Win32
		{ED420C03-D9E4-36D9-C29F-4A2DAEE0BD29}.Debug|x86.Build.0 = Debug|Win32
		{ED420C03-D9E4-36D9-C29F-4A2DAEE0BD29}.MinSizeRel|x64.ActiveCfg = Retail|Win32
		{ED420C03-D9E4-36D9-C29F-4A2DAEE0BD29}.MinSizeRel|x64.Build.0 = Retail|Win32
		{ED420C03-D9E4-36D9-C29F-4A2DAEE0BD29}.MinSizeRel|x86.ActiveCfg = Release|Win32
		{ED420C03-D9E4-36D9-C29F-4A2DAEE0BD29}.MinSizeRel|x86.Build.0 = Release|Win32
		{ED420C03-D9E4-36D9-C29F-4A2DAEE0BD29}.Release|x64.ActiveCfg = Release|Win32
		{ED420C03-D9E4-36D9-C29F-4A2DAEE0BD29}.Release|x86.ActiveCfg = Release|Win32
		{ED420C03-D9E4-36D9-C29F-4A2DAEE0BD29}.Release|x86.Build.0 = Release|Win32
		{ED420C03-D9E4-36D9-C29F-4A2DAEE0BD29}.RelWithDebInfo|x64.ActiveCfg = Retail|Win32
		{ED420C03-D9E4-36D9-C29F-4A2DAEE0BD29}.RelWithDebInfo|x64.Build.0 = Retail|Win32
		{ED420C03-D9E4-36D9-C29F-4A2DAEE0BD29}.RelWithDebInfo|x86.ActiveCfg = Release|Win32
		{ED420C03-D9E4-36D9-C29F-4A2DAEE0BD29}.RelWithDebInfo|x86.Build.0 = Release|Win32
		{F8942F2F-2312-43FE-B147-70F42CFB7B82}.Debug|x64.ActiveCfg = Debug|x64
		{F8942F2F-2312-43FE-B147-70F42CFB7B82}.Debug|x64.Build.0 = Debug|x64
		{F8942F2F-2312-43FE-B147-70F42CFB7B82}.Debug|x86.ActiveCfg = Debug|Win32
		{F8942F2F-2312-43FE-B147-70F42CFB7B82}.Debug|x86.Build.0 = Debug|Win32
		{F8942F2F-2312-43FE-B147-70F42CFB7B82}.MinSizeRel|x64.ActiveCfg = Release|x64
		{F8942F2F-2312-43FE-B147-70F42CFB7B82}.MinSizeRel|x64.Build.0 = Release|x64
		{F8942F2F-2312-43FE-B147-70F42CFB7B82}.MinSizeRel|x86.ActiveCfg = Release|Win32
		{F8942F2F-2312-43FE-B147-70F42CFB7B82}.MinSizeRel|x86.Build.0 = Release|Win32
		{F8942F2F-2312-43FE-B147-70F42CFB7B82}.Release|x64.ActiveCfg = Release|x64
		{F8942F2F-2312-43FE-B147-70F42CFB7B82}.Release|x64.Build.0 = Release|x64
		{F8942F2F-2312-43FE-B147-70F42CFB7B82}.Release|x86.ActiveCfg = Release|Win32
		{F8942F2F-2312-43FE-B147-70F42CFB7B82}.Release|x86.Build.0 = Release|Win32
		{F8942F2F-2312-43FE-B147-70F42CFB7B82}.RelWithDebInfo|x64.ActiveCfg = Release|x64
		{F8942F2F-2312-43FE-B147-70F42CFB7B82}.RelWithDebInfo|x64.Build.0 = Release|x64
		{F8942F2F-2312-43FE-B147-70F42CFB7B82}.RelWithDebInfo|x86.ActiveCfg = Release|Win32
		{F8942F2F-2312-43FE-B147-70F42CFB7B82}.RelWithDebInfo|x86.Build.0 = Release|Win32
		{A79667C7-9338-929D-7CF3-A5F1683419EE}.Debug|x64.ActiveCfg = Debug|Win32
		{A79667C7-9338-929D-7CF3-A5F1683419EE}.Debug|x86.ActiveCfg = Debug|Win32
		{A79667C7-9338-929D-7CF3-A5F1683419EE}.Debug|x86.Build.0 = Debug|Win32
		{A79667C7-9338-929D-7CF3-A5F1683419EE}.MinSizeRel|x64.ActiveCfg = Retail|Win32
		{A79667C7-9338-929D-7CF3-A5F1683419EE}.MinSizeRel|x64.Build.0 = Retail|Win32
		{A79667C7-9338-929D-7CF3-A5F1683419EE}.MinSizeRel|x86.ActiveCfg = Release|Win32
		{A79667C7-9338-929D-7CF3-A5F1683419EE}.MinSizeRel|x86.Build.0 = Release|Win32
		{A79667C7-9338-929D-7CF3-A5F1683419EE}.Release|x64.ActiveCfg = Release|Win32
		{A79667C7-9338-929D-7CF3-A5F1683419EE}.Release|x86.ActiveCfg = Release|Win32
		{A79667C7-9338-929D-7CF3-A5F1683419EE}.Release|x86.Build.0 = Release|Win32
		{A79667C7-9338-929D-7CF3-A5F1683419EE}.RelWithDebInfo|x64.ActiveCfg = Retail|Win32
		{A79667C7-9338-929D-7CF3-A5F1683419EE}.RelWithDebInfo|x64.Build.0 = Retail|Win32
		{A79667C7-9338-929D-7CF3-A5F1683419EE}.RelWithDebInfo|x86.ActiveCfg = Release|Win32
		{A79667C7-9338-929D-7CF3-A5F1683419EE}.RelWithDebInfo|x86.Build.0 = Release|Win32
	EndGlobalSection
	GlobalSection(SolutionProperties) = preSolution
		HideSolutionNode = FALSE
	EndGlobalSection
	GlobalSection(ExtensibilityGlobals) = postSolution
		SolutionGuid = {3E372E84-A216-44E3-BEAF-912216EA4848}
	EndGlobalSection
EndGlobal
