<?xml version="1.0" encoding="utf-8"?>
<Project ToolsVersion="4.0" xmlns="http://schemas.microsoft.com/developer/msbuild/2003">
  <ItemGroup>
    <Filter Include="Meta">
      <UniqueIdentifier>{AC05897C-983C-8A0D-4129-70102D3F060F}</UniqueIdentifier>
    </Filter>
  </ItemGroup>
  <ItemGroup>
    <ClInclude Include="Meta\Assert.h">
      <Filter>Meta</Filter>
    </ClInclude>
    <ClInclude Include="Meta\AssertManager.h">
      <Filter>Meta</Filter>
    </ClInclude>
    <ClInclude Include="Meta\DefinesSTL.h">
      <Filter>Meta</Filter>
    </ClInclude>
    <ClInclude Include="Meta\Log.h">
      <Filter>Meta</Filter>
    </ClInclude>
    <ClInclude Include="Meta\NamedType.h">
      <Filter>Meta</Filter>
    </ClInclude>
    <ClInclude Include="Meta\ObjectPool.h">
      <Filter>Meta</Filter>
    </ClInclude>
    <ClInclude Include="stdafx.h" />
    <ClInclude Include="targetver.h" />
  </ItemGroup>
  <ItemGroup>
    <ClCompile Include="Meta\AssertManager.cpp">
      <Filter>Meta</Filter>
    </ClCompile>
    <ClCompile Include="stdafx.cpp" />
  </ItemGroup>
</Project>